
Microsoft Visual Studio Solution File, Format Version 12.00
# Visual Studio Version 18
VisualStudioVersion = 18.6.11819.183 stable
MinimumVisualStudioVersion = 10.0.40219.1
Project("{FAE04EC0-301F-11D3-BF4B-00C04F79EFBC}") = "Bookshop Management System", "Bookshop Management System.csproj", "{F98263D5-B0B1-452A-9387-13DA11D16DE1}"
EndProject
Global
	GlobalSection(SolutionConfigurationPlatforms) = preSolution
		Debug|Any CPU = Debug|Any CPU
		Release|Any CPU = Release|Any CPU
	EndGlobalSection
	GlobalSection(ProjectConfigurationPlatforms) = postSolution
		{F98263D5-B0B1-452A-9387-13DA11D16DE1}.Debug|Any CPU.ActiveCfg = Debug|Any CPU
		{F98263D5-B0B1-452A-9387-13DA11D16DE1}.Debug|Any CPU.Build.0 = Debug|Any CPU
		{F98263D5-B0B1-452A-9387-13DA11D16DE1}.Release|Any CPU.ActiveCfg = Release|Any CPU
		{F98263D5-B0B1-452A-9387-13DA11D16DE1}.Release|Any CPU.Build.0 = Release|Any CPU
	EndGlobalSection
	GlobalSection(SolutionProperties) = preSolution
		HideSolutionNode = FALSE
	EndGlobalSection
	GlobalSection(ExtensibilityGlobals) = postSolution
		SolutionGuid = {DAB6D106-5B15-4B62-AEDD-11B7E86D0581}
	EndGlobalSection
EndGlobal
